
Microsoft Visual Studio Solution File, Format Version 12.00
# Visual Studio Version 16
VisualStudioVersion = 16.0.29418.71
MinimumVisualStudioVersion = 10.0.40219.1
Project("{FAE04EC0-301F-11D3-BF4B-00C04F79EFBC}") = "gym_mgmt_01", "gym_mgmt_01\gym_mgmt_01.csproj", "{1FF8E517-FD08-44E0-B151-4BA0E4D637D1}"
EndProject
Global
	GlobalSection(SolutionConfigurationPlatforms) = preSolution
		Debug|Any CPU = Debug|Any CPU
		Release|Any CPU = Release|Any CPU
	EndGlobalSection
	GlobalSection(ProjectConfigurationPlatforms) = postSolution
		{1FF8E517-FD08-44E0-B151-4BA0E4D637D1}.Debug|Any CPU.ActiveCfg = Debug|Any CPU
		{1FF8E517-FD08-44E0-B151-4BA0E4D637D1}.Debug|Any CPU.Build.0 = Debug|Any CPU
		{1FF8E517-FD08-44E0-B151-4BA0E4D637D1}.Release|Any CPU.ActiveCfg = Release|Any CPU
		{1FF8E517-FD08-44E0-B151-4BA0E4D637D1}.Release|Any CPU.Build.0 = Release|Any CPU
	EndGlobalSection
	GlobalSection(SolutionProperties) = preSolution
		HideSolutionNode = FALSE
	EndGlobalSection
	GlobalSection(ExtensibilityGlobals) = postSolution
		SolutionGuid = {C8E5D96E-7D33-4832-8CFC-0A94EFA42B19}
	EndGlobalSection
EndGlobal
